// !$*UTF8*$!
{
	archiveVersion = 1;
	classes = {
	};
	objectVersion = 46;
	objects = {

/* Begin PBXAggregateTarget section */
		FF50DA410863D122005E37D9 /* iPhotoToGallery3 Install */ = {
			isa = PBXAggregateTarget;
			buildConfigurationList = FF50DA470863D146005E37D9 /* Build configuration list for PBXAggregateTarget "iPhotoToGallery3 Install" */;
			buildPhases = (
				FF50DA400863D122005E37D9 /* ShellScript */,
			);
			dependencies = (
				FF50DA430863D128005E37D9 /* PBXTargetDependency */,
			);
			name = "iPhotoToGallery3 Install";
			productName = "iPhotoToGallery Install";
		};
/* End PBXAggregateTarget section */

/* Begin PBXBuildFile section */
		8D5B49B4048680CD000E48DA /* Cocoa.framework in Frameworks */ = {isa = PBXBuildFile; fileRef = 1058C7ADFEA557BF11CA2CBB /* Cocoa.framework */; };
		E20B035C124B34D300AAB3CF /* SCImageResizer.m in Sources */ = {isa = PBXBuildFile; fileRef = E20B0341124B34D300AAB3CF /* SCImageResizer.m */; };
		E20B035D124B34D300AAB3CF /* SCInterThreadMessaging.m in Sources */ = {isa = PBXBuildFile; fileRef = E20B0343124B34D300AAB3CF /* SCInterThreadMessaging.m */; };
		E20B035E124B34D300AAB3CF /* SCiPhotoToGallery.m in Sources */ = {isa = PBXBuildFile; fileRef = E20B0345124B34D300AAB3CF /* SCiPhotoToGallery.m */; };
		E20B035F124B34D300AAB3CF /* SCiPhotoToGalleryExportPluginBox.m in Sources */ = {isa = PBXBuildFile; fileRef = E20B0347124B34D300AAB3CF /* SCiPhotoToGalleryExportPluginBox.m */; };
		E20B0360124B34D300AAB3CF /* NSBitmapImageRep+sizing.m in Sources */ = {isa = PBXBuildFile; fileRef = E20B0349124B34D300AAB3CF /* NSBitmapImageRep+sizing.m */; };
		E20B0361124B34D300AAB3CF /* SCNSString+misc.m in Sources */ = {isa = PBXBuildFile; fileRef = E20B034B124B34D300AAB3CF /* SCNSString+misc.m */; };
		E20B0362124B34D300AAB3CF /* SCNSView+Fading.m in Sources */ = {isa = PBXBuildFile; fileRef = E20B034D124B34D300AAB3CF /* SCNSView+Fading.m */; };
		E20B0363124B34D300AAB3CF /* SCZWAlbumNameFormatter.m in Sources */ = {isa = PBXBuildFile; fileRef = E20B034F124B34D300AAB3CF /* SCZWAlbumNameFormatter.m */; };
		E20B0364124B34D300AAB3CF /* SCZWGallery.m in Sources */ = {isa = PBXBuildFile; fileRef = E20B0351124B34D300AAB3CF /* SCZWGallery.m */; };
		E20B0365124B34D300AAB3CF /* SCZWGalleryAlbum.m in Sources */ = {isa = PBXBuildFile; fileRef = E20B0353124B34D300AAB3CF /* SCZWGalleryAlbum.m */; };
		E20B0366124B34D300AAB3CF /* SCZWGalleryItem.m in Sources */ = {isa = PBXBuildFile; fileRef = E20B0355124B34D300AAB3CF /* SCZWGalleryItem.m */; };
		E20B0367124B34D300AAB3CF /* SCZWMutableURLRequest.m in Sources */ = {isa = PBXBuildFile; fileRef = E20B0357124B34D300AAB3CF /* SCZWMutableURLRequest.m */; };
		E20B0368124B34D300AAB3CF /* SCZWTransitionImageView.m in Sources */ = {isa = PBXBuildFile; fileRef = E20B0359124B34D300AAB3CF /* SCZWTransitionImageView.m */; };
		E20B0369124B34D300AAB3CF /* SCZWURLConnection.m in Sources */ = {isa = PBXBuildFile; fileRef = E20B035B124B34D300AAB3CF /* SCZWURLConnection.m */; };
		E2211FB0123FFA6900EED2BB /* NSObject+SBJSON.m in Sources */ = {isa = PBXBuildFile; fileRef = E2211FA7123FFA6900EED2BB /* NSObject+SBJSON.m */; };
		E2211FB1123FFA6900EED2BB /* NSString+SBJSON.m in Sources */ = {isa = PBXBuildFile; fileRef = E2211FA9123FFA6900EED2BB /* NSString+SBJSON.m */; };
		E2211FB2123FFA6900EED2BB /* SBJsonBase.m in Sources */ = {isa = PBXBuildFile; fileRef = E2211FAB123FFA6900EED2BB /* SBJsonBase.m */; };
		E2211FB3123FFA6900EED2BB /* SBJsonParser.m in Sources */ = {isa = PBXBuildFile; fileRef = E2211FAD123FFA6900EED2BB /* SBJsonParser.m */; };
		E2211FB4123FFA6900EED2BB /* SBJsonWriter.m in Sources */ = {isa = PBXBuildFile; fileRef = E2211FAF123FFA6900EED2BB /* SBJsonWriter.m */; };
		FF1F7C520577F3280000D2DB /* Security.framework in Frameworks */ = {isa = PBXBuildFile; fileRef = FF1F7C510577F3280000D2DB /* Security.framework */; };
		FF64F5B40874F0C30057A0FC /* Panel.nib in Resources */ = {isa = PBXBuildFile; fileRef = FF64F5AE0874F0C30057A0FC /* Panel.nib */; };
		FF64F5EB0874F2CD0057A0FC /* InfoPlist.strings in Resources */ = {isa = PBXBuildFile; fileRef = FF64F5E90874F2CD0057A0FC /* InfoPlist.strings */; };
		FF89399B085B77E500404828 /* iPhotoPluginIcon.tif in Resources */ = {isa = PBXBuildFile; fileRef = FF89399A085B77E500404828 /* iPhotoPluginIcon.tif */; };
		FF8939E0085B79AD00404828 /* iPhotoPluginIcon_80.tif in Resources */ = {isa = PBXBuildFile; fileRef = FF8939DF085B79AD00404828 /* iPhotoPluginIcon_80.tif */; };
		FF893DA2085D7EE300404828 /* SystemConfiguration.framework in Frameworks */ = {isa = PBXBuildFile; fileRef = FF893D90085D7EE300404828 /* SystemConfiguration.framework */; };
		FFE4DA40055F747B00E117BE /* QuickTime.framework in Frameworks */ = {isa = PBXBuildFile; fileRef = FFE4DA3F055F747B00E117BE /* QuickTime.framework */; };
/* End PBXBuildFile section */

/* Begin PBXBuildRule section */
		FF1297A20853E85E000929B0 /* PBXBuildRule */ = {
			isa = PBXBuildRule;
			compilerSpec = com.apple.compilers.gcc;
			fileType = sourcecode.c;
			isEditable = 1;
			outputFiles = (
			);
		};
		FF1297A30853E87F000929B0 /* PBXBuildRule */ = {
			isa = PBXBuildRule;
			compilerSpec = com.apple.compilers.gcc;
			fileType = sourcecode.asm;
			isEditable = 1;
			outputFiles = (
			);
		};
/* End PBXBuildRule section */

/* Begin PBXContainerItemProxy section */
		FF50DA420863D128005E37D9 /* PBXContainerItemProxy */ = {
			isa = PBXContainerItemProxy;
			containerPortal = 089C1669FE841209C02AAC07 /* Project object */;
			proxyType = 1;
			remoteGlobalIDString = 8D5B49AC048680CD000E48DA;
			remoteInfo = iPhotoToGallery;
		};
/* End PBXContainerItemProxy section */

/* Begin PBXCopyFilesBuildPhase section */
		FFEF9CE40856BBCC00A0C0DB /* CopyFiles */ = {
			isa = PBXCopyFilesBuildPhase;
			buildActionMask = 2147483647;
			dstPath = "";
			dstSubfolderSpec = 10;
			files = (
			);
			runOnlyForDeploymentPostprocessing = 0;
		};
/* End PBXCopyFilesBuildPhase section */

/* Begin PBXFileReference section */
		089C1672FE841209C02AAC07 /* Foundation.framework */ = {isa = PBXFileReference; lastKnownFileType = wrapper.framework; name = Foundation.framework; path = /System/Library/Frameworks/Foundation.framework; sourceTree = "<absolute>"; };
		089C167FFE841241C02AAC07 /* AppKit.framework */ = {isa = PBXFileReference; lastKnownFileType = wrapper.framework; name = AppKit.framework; path = /System/Library/Frameworks/AppKit.framework; sourceTree = "<absolute>"; };
		1058C7ADFEA557BF11CA2CBB /* Cocoa.framework */ = {isa = PBXFileReference; lastKnownFileType = wrapper.framework; name = Cocoa.framework; path = /System/Library/Frameworks/Cocoa.framework; sourceTree = "<absolute>"; };
		8D5B49B6048680CD000E48DA /* iPhotoToGallery3.iPhotoExporter */ = {isa = PBXFileReference; explicitFileType = wrapper.cfbundle; includeInIndex = 0; path = iPhotoToGallery3.iPhotoExporter; sourceTree = BUILT_PRODUCTS_DIR; };
		8D5B49B7048680CD000E48DA /* Info.plist */ = {isa = PBXFileReference; fileEncoding = 4; lastKnownFileType = text.plist.xml; path = Info.plist; sourceTree = "<group>"; };
		E20B0340124B34D300AAB3CF /* SCImageResizer.h */ = {isa = PBXFileReference; fileEncoding = 4; lastKnownFileType = sourcecode.c.h; name = SCImageResizer.h; path = Source/SCImageResizer.h; sourceTree = "<group>"; };
		E20B0341124B34D300AAB3CF /* SCImageResizer.m */ = {isa = PBXFileReference; fileEncoding = 4; lastKnownFileType = sourcecode.c.objc; name = SCImageResizer.m; path = Source/SCImageResizer.m; sourceTree = "<group>"; };
		E20B0342124B34D300AAB3CF /* SCInterThreadMessaging.h */ = {isa = PBXFileReference; fileEncoding = 4; lastKnownFileType = sourcecode.c.h; name = SCInterThreadMessaging.h; path = Source/SCInterThreadMessaging.h; sourceTree = "<group>"; };
		E20B0343124B34D300AAB3CF /* SCInterThreadMessaging.m */ = {isa = PBXFileReference; fileEncoding = 4; lastKnownFileType = sourcecode.c.objc; name = SCInterThreadMessaging.m; path = Source/SCInterThreadMessaging.m; sourceTree = "<group>"; };
		E20B0344124B34D300AAB3CF /* SCiPhotoToGallery.h */ = {isa = PBXFileReference; fileEncoding = 4; lastKnownFileType = sourcecode.c.h; name = SCiPhotoToGallery.h; path = Source/SCiPhotoToGallery.h; sourceTree = "<group>"; };
		E20B0345124B34D300AAB3CF /* SCiPhotoToGallery.m */ = {isa = PBXFileReference; fileEncoding = 4; lastKnownFileType = sourcecode.c.objc; name = SCiPhotoToGallery.m; path = Source/SCiPhotoToGallery.m; sourceTree = "<group>"; };
		E20B0346124B34D300AAB3CF /* SCiPhotoToGalleryExportPluginBox.h */ = {isa = PBXFileReference; fileEncoding = 4; lastKnownFileType = sourcecode.c.h; name = SCiPhotoToGalleryExportPluginBox.h; path = Source/SCiPhotoToGalleryExportPluginBox.h; sourceTree = "<group>"; };
		E20B0347124B34D300AAB3CF /* SCiPhotoToGalleryExportPluginBox.m */ = {isa = PBXFileReference; fileEncoding = 4; lastKnownFileType = sourcecode.c.objc; name = SCiPhotoToGalleryExportPluginBox.m; path = Source/SCiPhotoToGalleryExportPluginBox.m; sourceTree = "<group>"; };
		E20B0348124B34D300AAB3CF /* NSBitmapImageRep+sizing.h */ = {isa = PBXFileReference; fileEncoding = 4; lastKnownFileType = sourcecode.c.h; name = "NSBitmapImageRep+sizing.h"; path = "Source/NSBitmapImageRep+sizing.h"; sourceTree = "<group>"; };
		E20B0349124B34D300AAB3CF /* NSBitmapImageRep+sizing.m */ = {isa = PBXFileReference; fileEncoding = 4; lastKnownFileType = sourcecode.c.objc; name = "NSBitmapImageRep+sizing.m"; path = "Source/NSBitmapImageRep+sizing.m"; sourceTree = "<group>"; };
		E20B034A124B34D300AAB3CF /* SCNSString+misc.h */ = {isa = PBXFileReference; fileEncoding = 4; lastKnownFileType = sourcecode.c.h; name = "SCNSString+misc.h"; path = "Source/SCNSString+misc.h"; sourceTree = "<group>"; };
		E20B034B124B34D300AAB3CF /* SCNSString+misc.m */ = {isa = PBXFileReference; fileEncoding = 4; lastKnownFileType = sourcecode.c.objc; name = "SCNSString+misc.m"; path = "Source/SCNSString+misc.m"; sourceTree = "<group>"; };
		E20B034C124B34D300AAB3CF /* SCNSView+Fading.h */ = {isa = PBXFileReference; fileEncoding = 4; lastKnownFileType = sourcecode.c.h; name = "SCNSView+Fading.h"; path = "Source/SCNSView+Fading.h"; sourceTree = "<group>"; };
		E20B034D124B34D300AAB3CF /* SCNSView+Fading.m */ = {isa = PBXFileReference; fileEncoding = 4; lastKnownFileType = sourcecode.c.objc; name = "SCNSView+Fading.m"; path = "Source/SCNSView+Fading.m"; sourceTree = "<group>"; };
		E20B034E124B34D300AAB3CF /* SCZWAlbumNameFormatter.h */ = {isa = PBXFileReference; fileEncoding = 4; lastKnownFileType = sourcecode.c.h; name = SCZWAlbumNameFormatter.h; path = Source/SCZWAlbumNameFormatter.h; sourceTree = "<group>"; };
		E20B034F124B34D300AAB3CF /* SCZWAlbumNameFormatter.m */ = {isa = PBXFileReference; fileEncoding = 4; lastKnownFileType = sourcecode.c.objc; name = SCZWAlbumNameFormatter.m; path = Source/SCZWAlbumNameFormatter.m; sourceTree = "<group>"; };
		E20B0350124B34D300AAB3CF /* SCZWGallery.h */ = {isa = PBXFileReference; fileEncoding = 4; lastKnownFileType = sourcecode.c.h; path = SCZWGallery.h; sourceTree = "<group>"; };
		E20B0351124B34D300AAB3CF /* SCZWGallery.m */ = {isa = PBXFileReference; fileEncoding = 4; lastKnownFileType = sourcecode.c.objc; path = SCZWGallery.m; sourceTree = "<group>"; };
		E20B0352124B34D300AAB3CF /* SCZWGalleryAlbum.h */ = {isa = PBXFileReference; fileEncoding = 4; lastKnownFileType = sourcecode.c.h; path = SCZWGalleryAlbum.h; sourceTree = "<group>"; };
		E20B0353124B34D300AAB3CF /* SCZWGalleryAlbum.m */ = {isa = PBXFileReference; fileEncoding = 4; lastKnownFileType = sourcecode.c.objc; path = SCZWGalleryAlbum.m; sourceTree = "<group>"; };
		E20B0354124B34D300AAB3CF /* SCZWGalleryItem.h */ = {isa = PBXFileReference; fileEncoding = 4; lastKnownFileType = sourcecode.c.h; path = SCZWGalleryItem.h; sourceTree = "<group>"; };
		E20B0355124B34D300AAB3CF /* SCZWGalleryItem.m */ = {isa = PBXFileReference; fileEncoding = 4; lastKnownFileType = sourcecode.c.objc; path = SCZWGalleryItem.m; sourceTree = "<group>"; };
		E20B0356124B34D300AAB3CF /* SCZWMutableURLRequest.h */ = {isa = PBXFileReference; fileEncoding = 4; lastKnownFileType = sourcecode.c.h; name = SCZWMutableURLRequest.h; path = Source/SCZWMutableURLRequest.h; sourceTree = "<group>"; };
		E20B0357124B34D300AAB3CF /* SCZWMutableURLRequest.m */ = {isa = PBXFileReference; fileEncoding = 4; lastKnownFileType = sourcecode.c.objc; name = SCZWMutableURLRequest.m; path = Source/SCZWMutableURLRequest.m; sourceTree = "<group>"; };
		E20B0358124B34D300AAB3CF /* SCZWTransitionImageView.h */ = {isa = PBXFileReference; fileEncoding = 4; lastKnownFileType = sourcecode.c.h; name = SCZWTransitionImageView.h; path = Source/SCZWTransitionImageView.h; sourceTree = "<group>"; };
		E20B0359124B34D300AAB3CF /* SCZWTransitionImageView.m */ = {isa = PBXFileReference; fileEncoding = 4; lastKnownFileType = sourcecode.c.objc; name = SCZWTransitionImageView.m; path = Source/SCZWTransitionImageView.m; sourceTree = "<group>"; };
		E20B035A124B34D300AAB3CF /* SCZWURLConnection.h */ = {isa = PBXFileReference; fileEncoding = 4; lastKnownFileType = sourcecode.c.h; name = SCZWURLConnection.h; path = Source/SCZWURLConnection.h; sourceTree = "<group>"; };
		E20B035B124B34D300AAB3CF /* SCZWURLConnection.m */ = {isa = PBXFileReference; fileEncoding = 4; lastKnownFileType = sourcecode.c.objc; name = SCZWURLConnection.m; path = Source/SCZWURLConnection.m; sourceTree = "<group>"; };
		E2211FA5123FFA6900EED2BB /* JSON.h */ = {isa = PBXFileReference; fileEncoding = 4; lastKnownFileType = sourcecode.c.h; path = JSON.h; sourceTree = "<group>"; };
		E2211FA6123FFA6900EED2BB /* NSObject+SBJSON.h */ = {isa = PBXFileReference; fileEncoding = 4; lastKnownFileType = sourcecode.c.h; path = "NSObject+SBJSON.h"; sourceTree = "<group>"; };
		E2211FA7123FFA6900EED2BB /* NSObject+SBJSON.m */ = {isa = PBXFileReference; fileEncoding = 4; lastKnownFileType = sourcecode.c.objc; path = "NSObject+SBJSON.m"; sourceTree = "<group>"; };
		E2211FA8123FFA6900EED2BB /* NSString+SBJSON.h */ = {isa = PBXFileReference; fileEncoding = 4; lastKnownFileType = sourcecode.c.h; path = "NSString+SBJSON.h"; sourceTree = "<group>"; };
		E2211FA9123FFA6900EED2BB /* NSString+SBJSON.m */ = {isa = PBXFileReference; fileEncoding = 4; lastKnownFileType = sourcecode.c.objc; path = "NSString+SBJSON.m"; sourceTree = "<group>"; };
		E2211FAA123FFA6900EED2BB /* SBJsonBase.h */ = {isa = PBXFileReference; fileEncoding = 4; lastKnownFileType = sourcecode.c.h; path = SBJsonBase.h; sourceTree = "<group>"; };
		E2211FAB123FFA6900EED2BB /* SBJsonBase.m */ = {isa = PBXFileReference; fileEncoding = 4; lastKnownFileType = sourcecode.c.objc; path = SBJsonBase.m; sourceTree = "<group>"; };
		E2211FAC123FFA6900EED2BB /* SBJsonParser.h */ = {isa = PBXFileReference; fileEncoding = 4; lastKnownFileType = sourcecode.c.h; path = SBJsonParser.h; sourceTree = "<group>"; };
		E2211FAD123FFA6900EED2BB /* SBJsonParser.m */ = {isa = PBXFileReference; fileEncoding = 4; lastKnownFileType = sourcecode.c.objc; path = SBJsonParser.m; sourceTree = "<group>"; };
		E2211FAE123FFA6900EED2BB /* SBJsonWriter.h */ = {isa = PBXFileReference; fileEncoding = 4; lastKnownFileType = sourcecode.c.h; path = SBJsonWriter.h; sourceTree = "<group>"; };
		E2211FAF123FFA6900EED2BB /* SBJsonWriter.m */ = {isa = PBXFileReference; fileEncoding = 4; lastKnownFileType = sourcecode.c.objc; path = SBJsonWriter.m; sourceTree = "<group>"; };
		E2C934EF12436F7800B882AE /* iPhotoToGallery3_Prefix.pch */ = {isa = PBXFileReference; fileEncoding = 4; lastKnownFileType = sourcecode.c.h; path = iPhotoToGallery3_Prefix.pch; sourceTree = "<group>"; };
		FF0FDA04086A3ACB00C17F70 /* Quartz.framework */ = {isa = PBXFileReference; lastKnownFileType = wrapper.framework; name = Quartz.framework; path = /System/Library/Frameworks/Quartz.framework; sourceTree = "<absolute>"; };
		FF1578F005DAEB31009C952D /* iPhotoExporter.h */ = {isa = PBXFileReference; fileEncoding = 4; lastKnownFileType = sourcecode.c.h; name = iPhotoExporter.h; path = Source/iPhotoExporter.h; sourceTree = "<group>"; };
		FF1F7C510577F3280000D2DB /* Security.framework */ = {isa = PBXFileReference; lastKnownFileType = wrapper.framework; name = Security.framework; path = /System/Library/Frameworks/Security.framework; sourceTree = "<absolute>"; };
		FF640A61086220F70013291B /* LICENSE */ = {isa = PBXFileReference; fileEncoding = 30; lastKnownFileType = text; path = LICENSE; sourceTree = "<group>"; };
		FF64F5AF0874F0C30057A0FC /* English */ = {isa = PBXFileReference; lastKnownFileType = wrapper.nib; name = English; path = Resources/English.lproj/Panel.nib; sourceTree = "<group>"; };
		FF64F5EA0874F2CD0057A0FC /* English */ = {isa = PBXFileReference; fileEncoding = 10; lastKnownFileType = text.plist.strings; name = English; path = Resources/English.lproj/InfoPlist.strings; sourceTree = "<group>"; };
		FF89399A085B77E500404828 /* iPhotoPluginIcon.tif */ = {isa = PBXFileReference; lastKnownFileType = image.tiff; name = iPhotoPluginIcon.tif; path = Resources/iPhotoPluginIcon.tif; sourceTree = "<group>"; };
		FF89399C085B77EA00404828 /* iPhotoPluginIcon.psd */ = {isa = PBXFileReference; lastKnownFileType = file; name = iPhotoPluginIcon.psd; path = Resources/iPhotoPluginIcon.psd; sourceTree = "<group>"; };
		FF8939DF085B79AD00404828 /* iPhotoPluginIcon_80.tif */ = {isa = PBXFileReference; lastKnownFileType = image.tiff; name = iPhotoPluginIcon_80.tif; path = Resources/iPhotoPluginIcon_80.tif; sourceTree = "<group>"; };
		FF893AFC085CDBC500404828 /* restrictedshine.tiff */ = {isa = PBXFileReference; lastKnownFileType = image.tiff; name = restrictedshine.tiff; path = Resources/restrictedshine.tiff; sourceTree = "<group>"; };
		FF893D90085D7EE300404828 /* SystemConfiguration.framework */ = {isa = PBXFileReference; lastKnownFileType = wrapper.framework; name = SystemConfiguration.framework; path = /System/Library/Frameworks/SystemConfiguration.framework; sourceTree = "<absolute>"; };
		FFE4DA3F055F747B00E117BE /* QuickTime.framework */ = {isa = PBXFileReference; lastKnownFileType = wrapper.framework; name = QuickTime.framework; path = /System/Library/Frameworks/QuickTime.framework; sourceTree = "<absolute>"; };
/* End PBXFileReference section */

/* Begin PBXFrameworksBuildPhase section */
		8D5B49B3048680CD000E48DA /* Frameworks */ = {
			isa = PBXFrameworksBuildPhase;
			buildActionMask = 2147483647;
			files = (
				8D5B49B4048680CD000E48DA /* Cocoa.framework in Frameworks */,
				FFE4DA40055F747B00E117BE /* QuickTime.framework in Frameworks */,
				FF1F7C520577F3280000D2DB /* Security.framework in Frameworks */,
				FF893DA2085D7EE300404828 /* SystemConfiguration.framework in Frameworks */,
			);
			runOnlyForDeploymentPostprocessing = 0;
		};
/* End PBXFrameworksBuildPhase section */

/* Begin PBXGroup section */
		089C166AFE841209C02AAC07 /* iPhotoToGallery */ = {
			isa = PBXGroup;
			children = (
				FF640A61086220F70013291B /* LICENSE */,
				08FB77AFFE84173DC02AAC07 /* Sources */,
				089C167CFE841241C02AAC07 /* Resources */,
				089C1671FE841209C02AAC07 /* Frameworks and Libraries */,
				19C28FB8FE9D52D311CA2CBB /* Products */,
				8D5B49B7048680CD000E48DA /* Info.plist */,
			);
			name = iPhotoToGallery;
			sourceTree = "<group>";
		};
		089C1671FE841209C02AAC07 /* Frameworks and Libraries */ = {
			isa = PBXGroup;
			children = (
				1058C7ACFEA557BF11CA2CBB /* Linked Frameworks */,
				1058C7AEFEA557BF11CA2CBB /* Other Frameworks */,
			);
			name = "Frameworks and Libraries";
			sourceTree = "<group>";
		};
		089C167CFE841241C02AAC07 /* Resources */ = {
			isa = PBXGroup;
			children = (
				FF64F5E90874F2CD0057A0FC /* InfoPlist.strings */,
				FF64F5AE0874F0C30057A0FC /* Panel.nib */,
				FF893AFC085CDBC500404828 /* restrictedshine.tiff */,
				FF8939DF085B79AD00404828 /* iPhotoPluginIcon_80.tif */,
				FF89399C085B77EA00404828 /* iPhotoPluginIcon.psd */,
				FF89399A085B77E500404828 /* iPhotoPluginIcon.tif */,
			);
			name = Resources;
			sourceTree = "<group>";
		};
		08FB77AFFE84173DC02AAC07 /* Sources */ = {
			isa = PBXGroup;
			children = (
				FF1578F005DAEB31009C952D /* iPhotoExporter.h */,
				E20B0344124B34D300AAB3CF /* SCiPhotoToGallery.h */,
				E20B0345124B34D300AAB3CF /* SCiPhotoToGallery.m */,
				E20B0346124B34D300AAB3CF /* SCiPhotoToGalleryExportPluginBox.h */,
				E20B0347124B34D300AAB3CF /* SCiPhotoToGalleryExportPluginBox.m */,
				E2C934EF12436F7800B882AE /* iPhotoToGallery3_Prefix.pch */,
				E2211FA4123FFA6900EED2BB /* json */,
				FF50BBE7085617350073F0E4 /* Gallery */,
				FF64F5B50874F0D80057A0FC /* Other */,
			);
			name = Sources;
			sourceTree = "<group>";
		};
		1058C7ACFEA557BF11CA2CBB /* Linked Frameworks */ = {
			isa = PBXGroup;
			children = (
				FF0FDA04086A3ACB00C17F70 /* Quartz.framework */,
				1058C7ADFEA557BF11CA2CBB /* Cocoa.framework */,
				FF893D90085D7EE300404828 /* SystemConfiguration.framework */,
				FF1F7C510577F3280000D2DB /* Security.framework */,
				FFE4DA3F055F747B00E117BE /* QuickTime.framework */,
			);
			name = "Linked Frameworks";
			sourceTree = "<group>";
		};
		1058C7AEFEA557BF11CA2CBB /* Other Frameworks */ = {
			isa = PBXGroup;
			children = (
				089C1672FE841209C02AAC07 /* Foundation.framework */,
				089C167FFE841241C02AAC07 /* AppKit.framework */,
			);
			name = "Other Frameworks";
			sourceTree = "<group>";
		};
		19C28FB8FE9D52D311CA2CBB /* Products */ = {
			isa = PBXGroup;
			children = (
				8D5B49B6048680CD000E48DA /* iPhotoToGallery3.iPhotoExporter */,
			);
			name = Products;
			sourceTree = "<group>";
		};
		E2211FA4123FFA6900EED2BB /* json */ = {
			isa = PBXGroup;
			children = (
				E2211FA5123FFA6900EED2BB /* JSON.h */,
				E2211FA6123FFA6900EED2BB /* NSObject+SBJSON.h */,
				E2211FA7123FFA6900EED2BB /* NSObject+SBJSON.m */,
				E2211FA8123FFA6900EED2BB /* NSString+SBJSON.h */,
				E2211FA9123FFA6900EED2BB /* NSString+SBJSON.m */,
				E2211FAA123FFA6900EED2BB /* SBJsonBase.h */,
				E2211FAB123FFA6900EED2BB /* SBJsonBase.m */,
				E2211FAC123FFA6900EED2BB /* SBJsonParser.h */,
				E2211FAD123FFA6900EED2BB /* SBJsonParser.m */,
				E2211FAE123FFA6900EED2BB /* SBJsonWriter.h */,
				E2211FAF123FFA6900EED2BB /* SBJsonWriter.m */,
			);
			path = json;
			sourceTree = "<group>";
		};
		FF50BBE7085617350073F0E4 /* Gallery */ = {
			isa = PBXGroup;
			children = (
				E20B0350124B34D300AAB3CF /* SCZWGallery.h */,
				E20B0351124B34D300AAB3CF /* SCZWGallery.m */,
				E20B0352124B34D300AAB3CF /* SCZWGalleryAlbum.h */,
				E20B0353124B34D300AAB3CF /* SCZWGalleryAlbum.m */,
				E20B0354124B34D300AAB3CF /* SCZWGalleryItem.h */,
				E20B0355124B34D300AAB3CF /* SCZWGalleryItem.m */,
			);
			name = Gallery;
			path = Source;
			sourceTree = "<group>";
		};
		FF64F5B50874F0D80057A0FC /* Other */ = {
			isa = PBXGroup;
			children = (
				E20B0340124B34D300AAB3CF /* SCImageResizer.h */,
				E20B0341124B34D300AAB3CF /* SCImageResizer.m */,
				E20B0342124B34D300AAB3CF /* SCInterThreadMessaging.h */,
				E20B0343124B34D300AAB3CF /* SCInterThreadMessaging.m */,
				E20B0348124B34D300AAB3CF /* NSBitmapImageRep+sizing.h */,
				E20B0349124B34D300AAB3CF /* NSBitmapImageRep+sizing.m */,
				E20B034A124B34D300AAB3CF /* SCNSString+misc.h */,
				E20B034B124B34D300AAB3CF /* SCNSString+misc.m */,
				E20B034C124B34D300AAB3CF /* SCNSView+Fading.h */,
				E20B034D124B34D300AAB3CF /* SCNSView+Fading.m */,
				E20B034E124B34D300AAB3CF /* SCZWAlbumNameFormatter.h */,
				E20B034F124B34D300AAB3CF /* SCZWAlbumNameFormatter.m */,
				E20B0356124B34D300AAB3CF /* SCZWMutableURLRequest.h */,
				E20B0357124B34D300AAB3CF /* SCZWMutableURLRequest.m */,
				E20B0358124B34D300AAB3CF /* SCZWTransitionImageView.h */,
				E20B0359124B34D300AAB3CF /* SCZWTransitionImageView.m */,
				E20B035A124B34D300AAB3CF /* SCZWURLConnection.h */,
				E20B035B124B34D300AAB3CF /* SCZWURLConnection.m */,
			);
			name = Other;
			sourceTree = "<group>";
		};
/* End PBXGroup section */

/* Begin PBXNativeTarget section */
		8D5B49AC048680CD000E48DA /* iPhotoToGallery3 */ = {
			isa = PBXNativeTarget;
			buildConfigurationList = FF93797908553AA800831A51 /* Build configuration list for PBXNativeTarget "iPhotoToGallery3" */;
			buildPhases = (
				8D5B49AF048680CD000E48DA /* Resources */,
				8D5B49B1048680CD000E48DA /* Sources */,
				8D5B49B3048680CD000E48DA /* Frameworks */,
				FFEF9CE40856BBCC00A0C0DB /* CopyFiles */,
			);
			buildRules = (
				FF1297A30853E87F000929B0 /* PBXBuildRule */,
				FF1297A20853E85E000929B0 /* PBXBuildRule */,
			);
			dependencies = (
			);
			name = iPhotoToGallery3;
			productInstallPath = "$(HOME)/Library/Bundles";
			productName = iPhotoToGallery;
			productReference = 8D5B49B6048680CD000E48DA /* iPhotoToGallery3.iPhotoExporter */;
			productType = "com.apple.product-type.bundle";
		};
/* End PBXNativeTarget section */

/* Begin PBXProject section */
		089C1669FE841209C02AAC07 /* Project object */ = {
			isa = PBXProject;
			attributes = {
				ORGANIZATIONNAME = lescoste;
			};
			buildConfigurationList = FF93797D08553AA800831A51 /* Build configuration list for PBXProject "iPhotoToGallery3" */;
			compatibilityVersion = "Xcode 3.2";
			hasScannedForEncodings = 1;
			mainGroup = 089C166AFE841209C02AAC07 /* iPhotoToGallery */;
			projectDirPath = "";
			projectRoot = "";
			targets = (
				8D5B49AC048680CD000E48DA /* iPhotoToGallery3 */,
				FF50DA410863D122005E37D9 /* iPhotoToGallery3 Install */,
			);
		};
/* End PBXProject section */

/* Begin PBXResourcesBuildPhase section */
		8D5B49AF048680CD000E48DA /* Resources */ = {
			isa = PBXResourcesBuildPhase;
			buildActionMask = 2147483647;
			files = (
				FF89399B085B77E500404828 /* iPhotoPluginIcon.tif in Resources */,
				FF8939E0085B79AD00404828 /* iPhotoPluginIcon_80.tif in Resources */,
				FF64F5B40874F0C30057A0FC /* Panel.nib in Resources */,
				FF64F5EB0874F2CD0057A0FC /* InfoPlist.strings in Resources */,
			);
			runOnlyForDeploymentPostprocessing = 0;
		};
/* End PBXResourcesBuildPhase section */

/* Begin PBXShellScriptBuildPhase section */
		FF50DA400863D122005E37D9 /* ShellScript */ = {
			isa = PBXShellScriptBuildPhase;
			buildActionMask = 2147483647;
			files = (
			);
			inputPaths = (
			);
			outputPaths = (
			);
			runOnlyForDeploymentPostprocessing = 0;
			shellPath = /bin/bash;
			shellScript = "rm -fr ~/Library/Application\\ Support/iPhoto/Plugins/iPhotoToGallery3.iPhotoExporter\n\ncp -R $BUILT_PRODUCTS_DIR/iPhotoToGallery3.iPhotoExporter ~/Library/Application\\ Support/iPhoto/Plugins/\nchmod -R g+w ~/Library/Application\\ Support/iPhoto/Plugins/iPhotoToGallery3.iPhotoExporter\n\n# shell script goes here\nexit 0";
		};
/* End PBXShellScriptBuildPhase section */

/* Begin PBXSourcesBuildPhase section */
		8D5B49B1048680CD000E48DA /* Sources */ = {
			isa = PBXSourcesBuildPhase;
			buildActionMask = 2147483647;
			files = (
				E2211FB0123FFA6900EED2BB /* NSObject+SBJSON.m in Sources */,
				E2211FB1123FFA6900EED2BB /* NSString+SBJSON.m in Sources */,
				E2211FB2123FFA6900EED2BB /* SBJsonBase.m in Sources */,
				E2211FB3123FFA6900EED2BB /* SBJsonParser.m in Sources */,
				E2211FB4123FFA6900EED2BB /* SBJsonWriter.m in Sources */,
				E20B035C124B34D300AAB3CF /* SCImageResizer.m in Sources */,
				E20B035D124B34D300AAB3CF /* SCInterThreadMessaging.m in Sources */,
				E20B035E124B34D300AAB3CF /* SCiPhotoToGallery.m in Sources */,
				E20B035F124B34D300AAB3CF /* SCiPhotoToGalleryExportPluginBox.m in Sources */,
				E20B0360124B34D300AAB3CF /* NSBitmapImageRep+sizing.m in Sources */,
				E20B0361124B34D300AAB3CF /* SCNSString+misc.m in Sources */,
				E20B0362124B34D300AAB3CF /* SCNSView+Fading.m in Sources */,
				E20B0363124B34D300AAB3CF /* SCZWAlbumNameFormatter.m in Sources */,
				E20B0364124B34D300AAB3CF /* SCZWGallery.m in Sources */,
				E20B0365124B34D300AAB3CF /* SCZWGalleryAlbum.m in Sources */,
				E20B0366124B34D300AAB3CF /* SCZWGalleryItem.m in Sources */,
				E20B0367124B34D300AAB3CF /* SCZWMutableURLRequest.m in Sources */,
				E20B0368124B34D300AAB3CF /* SCZWTransitionImageView.m in Sources */,
				E20B0369124B34D300AAB3CF /* SCZWURLConnection.m in Sources */,
			);
			runOnlyForDeploymentPostprocessing = 0;
		};
/* End PBXSourcesBuildPhase section */

/* Begin PBXTargetDependency section */
		FF50DA430863D128005E37D9 /* PBXTargetDependency */ = {
			isa = PBXTargetDependency;
			target = 8D5B49AC048680CD000E48DA /* iPhotoToGallery3 */;
			targetProxy = FF50DA420863D128005E37D9 /* PBXContainerItemProxy */;
		};
/* End PBXTargetDependency section */

/* Begin PBXVariantGroup section */
		FF64F5AE0874F0C30057A0FC /* Panel.nib */ = {
			isa = PBXVariantGroup;
			children = (
				FF64F5AF0874F0C30057A0FC /* English */,
			);
			name = Panel.nib;
			sourceTree = "<group>";
		};
		FF64F5E90874F2CD0057A0FC /* InfoPlist.strings */ = {
			isa = PBXVariantGroup;
			children = (
				FF64F5EA0874F2CD0057A0FC /* English */,
			);
			name = InfoPlist.strings;
			sourceTree = "<group>";
		};
/* End PBXVariantGroup section */

/* Begin XCBuildConfiguration section */
		FF50DA480863D146005E37D9 /* Release */ = {
			isa = XCBuildConfiguration;
			buildSettings = {
				COPY_PHASE_STRIP = YES;
				GCC_GENERATE_DEBUGGING_SYMBOLS = NO;
				GCC_OPTIMIZATION_LEVEL = 0;
				GCC_VERSION_i386 = 4.2;
				GCC_VERSION_ppc = 4.2;
				MACOSX_DEPLOYMENT_TARGET = 10.5;
				MACOSX_DEPLOYMENT_TARGET_i386 = 10.5;
				OTHER_CFLAGS = "";
				OTHER_LDFLAGS = "";
				OTHER_REZFLAGS = "";
				PRODUCT_NAME = "iPhotoToGallery3 Install";
				SDKROOT = macosx10.5;
				SECTORDER_FLAGS = "";
				WARNING_CFLAGS = (
					"-Wmost",
					"-Wno-four-char-constants",
					"-Wno-unknown-pragmas",
				);
			};
			name = Release;
		};
		FF50DA490863D146005E37D9 /* Debug */ = {
			isa = XCBuildConfiguration;
			buildSettings = {
				COPY_PHASE_STRIP = NO;
				GCC_GENERATE_DEBUGGING_SYMBOLS = YES;
				GCC_OPTIMIZATION_LEVEL = 0;
				OTHER_CFLAGS = "";
				OTHER_LDFLAGS = "";
				OTHER_REZFLAGS = "";
				PRODUCT_NAME = "iPhotoToGallery3 Install";
				SECTORDER_FLAGS = "";
				WARNING_CFLAGS = (
					"-Wmost",
					"-Wno-four-char-constants",
					"-Wno-unknown-pragmas",
				);
			};
			name = Debug;
		};
		FF93797C08553AA800831A51 /* Release */ = {
			isa = XCBuildConfiguration;
			buildSettings = {
				ARCHS = "$(ARCHS_STANDARD_32_BIT)";
				DEBUG_INFORMATION_FORMAT = "dwarf-with-dsym";
				FRAMEWORK_SEARCH_PATHS = "\"$(SRCROOT)/Frameworks\"";
				GCC_DEBUGGING_SYMBOLS = full;
				GCC_ENABLE_TRIGRAPHS = NO;
				GCC_GENERATE_DEBUGGING_SYMBOLS = YES;
				GCC_MODEL_TUNING = G5;
				GCC_OPTIMIZATION_LEVEL = s;
				GCC_PRECOMPILE_PREFIX_HEADER = YES;
				GCC_PREFIX_HEADER = iPhotoToGallery3_Prefix.pch;
				GCC_VERSION_i386 = 4.2;
				GCC_VERSION_ppc = 4.2;
				GCC_WARN_ABOUT_RETURN_TYPE = YES;
				GCC_WARN_FOUR_CHARACTER_CONSTANTS = NO;
				GCC_WARN_UNKNOWN_PRAGMAS = NO;
				INFOPLIST_FILE = Info.plist;
				INSTALL_PATH = /Applications/iPhoto.app/Contents/Plugins;
				LIBRARY_SEARCH_PATHS = "";
				MACOSX_DEPLOYMENT_TARGET = 10.5;
				MACOSX_DEPLOYMENT_TARGET_i386 = 10.5;
				OTHER_CFLAGS = "";
				OTHER_REZFLAGS = "";
				PREBINDING = NO;
				PRODUCT_NAME = iPhotoToGallery3;
				SDKROOT = macosx10.5;
				SECTORDER_FLAGS = "";
				WARNING_CFLAGS = (
					"-Wmost",
					"-Wno-four-char-constants",
					"-Wno-unknown-pragmas",
				);
				WRAPPER_EXTENSION = iPhotoExporter;
			};
			name = Release;
		};
		FF93798008553AA800831A51 /* Release */ = {
			isa = XCBuildConfiguration;
			buildSettings = {
				ARCHS = "$(ARCHS_STANDARD_32_BIT)";
				CURRENT_PROJECT_VERSION = 2;
				FRAMEWORK_SEARCH_PATHS = Frameworks/;
				GCC_VERSION_i386 = 4.2;
				GCC_VERSION_ppc = 4.2;
				GCC_WARN_ABOUT_RETURN_TYPE = YES;
				GCC_WARN_UNUSED_VARIABLE = YES;
				MACOSX_DEPLOYMENT_TARGET = 10.5;
				MACOSX_DEPLOYMENT_TARGET_i386 = 10.5;
				MACOSX_DEPLOYMENT_TARGET_ppc = 10.5;
				ONLY_ACTIVE_ARCH = NO;
				OTHER_LDFLAGS = (
					"-weak_framework",
					Quartz,
				);
				SDKROOT = macosx10.5;
				VERSIONING_SYSTEM = "apple-generic";
			};
			name = Release;
		};
		FFD91BF00858E1010018CA10 /* Debug */ = {
			isa = XCBuildConfiguration;
			buildSettings = {
				COPY_PHASE_STRIP = NO;
				FRAMEWORK_SEARCH_PATHS = "\"$(SRCROOT)/Frameworks\"";
				GCC_DEBUGGING_SYMBOLS = full;
				GCC_ENABLE_FIX_AND_CONTINUE = YES;
				GCC_ENABLE_TRIGRAPHS = NO;
				GCC_GENERATE_DEBUGGING_SYMBOLS = YES;
				GCC_OPTIMIZATION_LEVEL = 0;
				GCC_PRECOMPILE_PREFIX_HEADER = YES;
				GCC_PREFIX_HEADER = iPhotoToGallery3_Prefix.pch;
				GCC_WARN_FOUR_CHARACTER_CONSTANTS = NO;
				GCC_WARN_UNKNOWN_PRAGMAS = NO;
				INFOPLIST_FILE = Info.plist;
				INSTALL_PATH = /Applications/iPhoto.app/Contents/Plugins;
				LIBRARY_SEARCH_PATHS = "";
				OTHER_CFLAGS = "";
				OTHER_REZFLAGS = "";
				PREBINDING = NO;
				PRODUCT_NAME = iPhotoToGallery3;
				SECTORDER_FLAGS = "";
				UNSTRIPPED_PRODUCT = YES;
				WARNING_CFLAGS = (
					"-Wmost",
					"-Wno-four-char-constants",
					"-Wno-unknown-pragmas",
				);
				WRAPPER_EXTENSION = iPhotoExporter;
			};
			name = Debug;
		};
		FFD91BF10858E1010018CA10 /* Debug */ = {
			isa = XCBuildConfiguration;
			buildSettings = {
				CURRENT_PROJECT_VERSION = 2;
				FRAMEWORK_SEARCH_PATHS = Frameworks/;
				GCC_OPTIMIZATION_LEVEL = 0;
				GCC_VERSION_i386 = 4.0;
				GCC_VERSION_ppc = 3.3;
				MACOSX_DEPLOYMENT_TARGET = 10.2;
				MACOSX_DEPLOYMENT_TARGET_i386 = 10.4;
				MACOSX_DEPLOYMENT_TARGET_ppc = 10.2;
				OTHER_LDFLAGS = (
					"-weak_framework",
					Quartz,
				);
				SDKROOT = macosx10.5;
				VERSIONING_SYSTEM = "apple-generic";
			};
			name = Debug;
		};
/* End XCBuildConfiguration section */

/* Begin XCConfigurationList section */
		FF50DA470863D146005E37D9 /* Build configuration list for PBXAggregateTarget "iPhotoToGallery3 Install" */ = {
			isa = XCConfigurationList;
			buildConfigurations = (
				FF50DA480863D146005E37D9 /* Release */,
				FF50DA490863D146005E37D9 /* Debug */,
			);
			defaultConfigurationIsVisible = 0;
			defaultConfigurationName = Release;
		};
		FF93797908553AA800831A51 /* Build configuration list for PBXNativeTarget "iPhotoToGallery3" */ = {
			isa = XCConfigurationList;
			buildConfigurations = (
				FF93797C08553AA800831A51 /* Release */,
				FFD91BF00858E1010018CA10 /* Debug */,
			);
			defaultConfigurationIsVisible = 0;
			defaultConfigurationName = Release;
		};
		FF93797D08553AA800831A51 /* Build configuration list for PBXProject "iPhotoToGallery3" */ = {
			isa = XCConfigurationList;
			buildConfigurations = (
				FF93798008553AA800831A51 /* Release */,
				FFD91BF10858E1010018CA10 /* Debug */,
			);
			defaultConfigurationIsVisible = 0;
			defaultConfigurationName = Release;
		};
/* End XCConfigurationList section */
	};
	rootObject = 089C1669FE841209C02AAC07 /* Project object */;
}
